
Microsoft Visual Studio Solution File, Format Version 12.00
# Visual Studio Version 17
VisualStudioVersion = 17.5.2.0
MinimumVisualStudioVersion = 10.0.40219.1
Project("{FAE04EC0-301F-11D3-BF4B-00C04F79EFBC}") = "Argo", "src/Argo/Argo.csproj", "{7D710619-73E5-040C-37D9-EE081A9CD6EE}"
EndProject
Project("{FAE04EC0-301F-11D3-BF4B-00C04F79EFBC}") = "Argo.Demo", "src/Argo.Demo/Argo.Demo.csproj", "{DA8E0E80-F685-464D-9F72-B21E61609712}"
EndProject
Global
	GlobalSection(SolutionConfigurationPlatforms) = preSolution
		Debug|Any CPU = Debug|Any CPU
		Debug|x64 = Debug|x64
		Debug|x86 = Debug|x86
		Release|Any CPU = Release|Any CPU
		Release|x64 = Release|x64
		Release|x86 = Release|x86
	EndGlobalSection
	GlobalSection(ProjectConfigurationPlatforms) = postSolution
		{7D710619-73E5-040C-37D9-EE081A9CD6EE}.Debug|Any CPU.ActiveCfg = Debug|Any CPU
		{7D710619-73E5-040C-37D9-EE081A9CD6EE}.Debug|Any CPU.Build.0 = Debug|Any CPU
		{7D710619-73E5-040C-37D9-EE081A9CD6EE}.Debug|x64.ActiveCfg = Debug|Any CPU
		{7D710619-73E5-040C-37D9-EE081A9CD6EE}.Debug|x64.Build.0 = Debug|Any CPU
		{7D710619-73E5-040C-37D9-EE081A9CD6EE}.Debug|x86.ActiveCfg = Debug|Any CPU
		{7D710619-73E5-040C-37D9-EE081A9CD6EE}.Debug|x86.Build.0 = Debug|Any CPU
		{7D710619-73E5-040C-37D9-EE081A9CD6EE}.Release|Any CPU.ActiveCfg = Release|Any CPU
		{7D710619-73E5-040C-37D9-EE081A9CD6EE}.Release|Any CPU.Build.0 = Release|Any CPU
		{7D710619-73E5-040C-37D9-EE081A9CD6EE}.Release|x64.ActiveCfg = Release|Any CPU
		{7D710619-73E5-040C-37D9-EE081A9CD6EE}.Release|x64.Build.0 = Release|Any CPU
		{7D710619-73E5-040C-37D9-EE081A9CD6EE}.Release|x86.ActiveCfg = Release|Any CPU
		{7D710619-73E5-040C-37D9-EE081A9CD6EE}.Release|x86.Build.0 = Release|Any CPU
		{DA8E0E80-F685-464D-9F72-B21E61609712}.Debug|Any CPU.ActiveCfg = Debug|Any CPU
		{DA8E0E80-F685-464D-9F72-B21E61609712}.Debug|Any CPU.Build.0 = Debug|Any CPU
		{DA8E0E80-F685-464D-9F72-B21E61609712}.Debug|x64.ActiveCfg = Debug|Any CPU
		{DA8E0E80-F685-464D-9F72-B21E61609712}.Debug|x64.Build.0 = Debug|Any CPU
		{DA8E0E80-F685-464D-9F72-B21E61609712}.Debug|x86.ActiveCfg = Debug|Any CPU
		{DA8E0E80-F685-464D-9F72-B21E61609712}.Debug|x86.Build.0 = Debug|Any CPU
		{DA8E0E80-F685-464D-9F72-B21E61609712}.Release|Any CPU.ActiveCfg = Release|Any CPU
		{DA8E0E80-F685-464D-9F72-B21E61609712}.Release|Any CPU.Build.0 = Release|Any CPU
		{DA8E0E80-F685-464D-9F72-B21E61609712}.Release|x64.ActiveCfg = Release|Any CPU
		{DA8E0E80-F685-464D-9F72-B21E61609712}.Release|x64.Build.0 = Release|Any CPU
		{DA8E0E80-F685-464D-9F72-B21E61609712}.Release|x86.ActiveCfg = Release|Any CPU
		{DA8E0E80-F685-464D-9F72-B21E61609712}.Release|x86.Build.0 = Release|Any CPU
	EndGlobalSection
	GlobalSection(SolutionProperties) = preSolution
		HideSolutionNode = FALSE
	EndGlobalSection
	GlobalSection(ExtensibilityGlobals) = postSolution
		SolutionGuid = {A50174DF-BB62-471E-BC05-99BBE4A97896}
	EndGlobalSection
EndGlobal
